
Microsoft Visual Studio Solution File, Format Version 12.00
# TcXaeShell Solution File, Format Version 11.00
VisualStudioVersion = 17.10.35827.194
MinimumVisualStudioVersion = 10.0.40219.1
Project("{DFBE7525-6864-4E62-8B2E-D530D69D9D96}") = "TcLog", "TcLog\TcLog.tspproj", "{664339A7-3BC0-4D6C-8A2D-EE9A807F5036}"
EndProject
Project("{B1E792BE-AA5F-4E3C-8C82-674BF9C0715B}") = "TcLog_Test", "TcLog_Test\TcLog_Test.tsproj", "{84E2C694-C6B7-48C0-A46A-93E9E79E1E4B}"
EndProject
Global
	GlobalSection(SolutionConfigurationPlatforms) = preSolution
		Debug|Any CPU = Debug|Any CPU
		Debug|TwinCAT CE7 (ARMV7) = Debug|TwinCAT CE7 (ARMV7)
		Debug|TwinCAT OS (ARMT2) = Debug|TwinCAT OS (ARMT2)
		Debug|TwinCAT OS (ARMV7-A) = Debug|TwinCAT OS (ARMV7-A)
		Debug|TwinCAT OS (ARMV7-M) = Debug|TwinCAT OS (ARMV7-M)
		Debug|TwinCAT OS (ARMV8-A) = Debug|TwinCAT OS (ARMV8-A)
		Debug|TwinCAT OS (x64) = Debug|TwinCAT OS (x64)
		Debug|TwinCAT OS (x64-E) = Debug|TwinCAT OS (x64-E)
		Debug|TwinCAT RT (x64) = Debug|TwinCAT RT (x64)
		Debug|TwinCAT RT (x86) = Debug|TwinCAT RT (x86)
		Release|Any CPU = Release|Any CPU
		Release|TwinCAT CE7 (ARMV7) = Release|TwinCAT CE7 (ARMV7)
		Release|TwinCAT OS (ARMT2) = Release|TwinCAT OS (ARMT2)
		Release|TwinCAT OS (ARMV7-A) = Release|TwinCAT OS (ARMV7-A)
		Release|TwinCAT OS (ARMV7-M) = Release|TwinCAT OS (ARMV7-M)
		Release|TwinCAT OS (ARMV8-A) = Release|TwinCAT OS (ARMV8-A)
		Release|TwinCAT OS (x64) = Release|TwinCAT OS (x64)
		Release|TwinCAT OS (x64-E) = Release|TwinCAT OS (x64-E)
		Release|TwinCAT RT (x64) = Release|TwinCAT RT (x64)
		Release|TwinCAT RT (x86) = Release|TwinCAT RT (x86)
	EndGlobalSection
	GlobalSection(ProjectConfigurationPlatforms) = postSolution
		{664339A7-3BC0-4D6C-8A2D-EE9A807F5036}.Debug|Any CPU.ActiveCfg = Debug|TwinCAT RT (x64)
		{664339A7-3BC0-4D6C-8A2D-EE9A807F5036}.Debug|Any CPU.Build.0 = Debug|TwinCAT RT (x64)
		{664339A7-3BC0-4D6C-8A2D-EE9A807F5036}.Debug|TwinCAT CE7 (ARMV7).ActiveCfg = Debug|TwinCAT CE7 (ARMV7)
		{664339A7-3BC0-4D6C-8A2D-EE9A807F5036}.Debug|TwinCAT CE7 (ARMV7).Build.0 = Debug|TwinCAT CE7 (ARMV7)
		{664339A7-3BC0-4D6C-8A2D-EE9A807F5036}.Debug|TwinCAT OS (ARMT2).ActiveCfg = Debug|TwinCAT OS (x64-E)
		{664339A7-3BC0-4D6C-8A2D-EE9A807F5036}.Debug|TwinCAT OS (ARMT2).Build.0 = Debug|TwinCAT OS (x64-E)
		{664339A7-3BC0-4D6C-8A2D-EE9A807F5036}.Debug|TwinCAT OS (ARMV7-A).ActiveCfg = Debug|TwinCAT OS (ARMV7-A)
		{664339A7-3BC0-4D6C-8A2D-EE9A807F5036}.Debug|TwinCAT OS (ARMV7-A).Build.0 = Debug|TwinCAT OS (ARMV7-A)
		{664339A7-3BC0-4D6C-8A2D-EE9A807F5036}.Debug|TwinCAT OS (ARMV7-M).ActiveCfg = Debug|TwinCAT OS (ARMV7-M)
		{664339A7-3BC0-4D6C-8A2D-EE9A807F5036}.Debug|TwinCAT OS (ARMV7-M).Build.0 = Debug|TwinCAT OS (ARMV7-M)
		{664339A7-3BC0-4D6C-8A2D-EE9A807F5036}.Debug|TwinCAT OS (ARMV8-A).ActiveCfg = Debug|TwinCAT OS (ARMV8-A)
		{664339A7-3BC0-4D6C-8A2D-EE9A807F5036}.Debug|TwinCAT OS (ARMV8-A).Build.0 = Debug|TwinCAT OS (ARMV8-A)
		{664339A7-3BC0-4D6C-8A2D-EE9A807F5036}.Debug|TwinCAT OS (x64).ActiveCfg = Debug|TwinCAT OS (x64)
		{664339A7-3BC0-4D6C-8A2D-EE9A807F5036}.Debug|TwinCAT OS (x64).Build.0 = Debug|TwinCAT OS (x64)
		{664339A7-3BC0-4D6C-8A2D-EE9A807F5036}.Debug|TwinCAT OS (x64-E).ActiveCfg = Debug|TwinCAT OS (x64-E)
		{664339A7-3BC0-4D6C-8A2D-EE9A807F5036}.Debug|TwinCAT OS (x64-E).Build.0 = Debug|TwinCAT OS (x64-E)
		{664339A7-3BC0-4D6C-8A2D-EE9A807F5036}.Debug|TwinCAT RT (x64).ActiveCfg = Debug|TwinCAT RT (x64)
		{664339A7-3BC0-4D6C-8A2D-EE9A807F5036}.Debug|TwinCAT RT (x64).Build.0 = Debug|TwinCAT RT (x64)
		{664339A7-3BC0-4D6C-8A2D-EE9A807F5036}.Debug|TwinCAT RT (x86).ActiveCfg = Debug|TwinCAT RT (x86)
		{664339A7-3BC0-4D6C-8A2D-EE9A807F5036}.Debug|TwinCAT RT (x86).Build.0 = Debug|TwinCAT RT (x86)
		{664339A7-3BC0-4D6C-8A2D-EE9A807F5036}.Release|Any CPU.ActiveCfg = Release|TwinCAT RT (x64)
		{664339A7-3BC0-4D6C-8A2D-EE9A807F5036}.Release|Any CPU.Build.0 = Release|TwinCAT RT (x64)
		{664339A7-3BC0-4D6C-8A2D-EE9A807F5036}.Release|TwinCAT CE7 (ARMV7).ActiveCfg = Release|TwinCAT CE7 (ARMV7)
		{664339A7-3BC0-4D6C-8A2D-EE9A807F5036}.Release|TwinCAT CE7 (ARMV7).Build.0 = Release|TwinCAT CE7 (ARMV7)
		{664339A7-3BC0-4D6C-8A2D-EE9A807F5036}.Release|TwinCAT OS (ARMT2).ActiveCfg = Release|TwinCAT OS (x64-E)
		{664339A7-3BC0-4D6C-8A2D-EE9A807F5036}.Release|TwinCAT OS (ARMT2).Build.0 = Release|TwinCAT OS (x64-E)
		{664339A7-3BC0-4D6C-8A2D-EE9A807F5036}.Release|TwinCAT OS (ARMV7-A).ActiveCfg = Release|TwinCAT OS (ARMV7-A)
		{664339A7-3BC0-4D6C-8A2D-EE9A807F5036}.Release|TwinCAT OS (ARMV7-A).Build.0 = Release|TwinCAT OS (ARMV7-A)
		{664339A7-3BC0-4D6C-8A2D-EE9A807F5036}.Release|TwinCAT OS (ARMV7-M).ActiveCfg = Release|TwinCAT OS (ARMV7-M)
		{664339A7-3BC0-4D6C-8A2D-EE9A807F5036}.Release|TwinCAT OS (ARMV7-M).Build.0 = Release|TwinCAT OS (ARMV7-M)
		{664339A7-3BC0-4D6C-8A2D-EE9A807F5036}.Release|TwinCAT OS (ARMV8-A).ActiveCfg = Release|TwinCAT OS (ARMV8-A)
		{664339A7-3BC0-4D6C-8A2D-EE9A807F5036}.Release|TwinCAT OS (ARMV8-A).Build.0 = Release|TwinCAT OS (ARMV8-A)
		{664339A7-3BC0-4D6C-8A2D-EE9A807F5036}.Release|TwinCAT OS (x64).ActiveCfg = Release|TwinCAT OS (x64)
		{664339A7-3BC0-4D6C-8A2D-EE9A807F5036}.Release|TwinCAT OS (x64).Build.0 = Release|TwinCAT OS (x64)
		{664339A7-3BC0-4D6C-8A2D-EE9A807F5036}.Release|TwinCAT OS (x64-E).ActiveCfg = Release|TwinCAT OS (x64-E)
		{664339A7-3BC0-4D6C-8A2D-EE9A807F5036}.Release|TwinCAT OS (x64-E).Build.0 = Release|TwinCAT OS (x64-E)
		{664339A7-3BC0-4D6C-8A2D-EE9A807F5036}.Release|TwinCAT RT (x64).ActiveCfg = Release|TwinCAT RT (x64)
		{664339A7-3BC0-4D6C-8A2D-EE9A807F5036}.Release|TwinCAT RT (x64).Build.0 = Release|TwinCAT RT (x64)
		{664339A7-3BC0-4D6C-8A2D-EE9A807F5036}.Release|TwinCAT RT (x86).ActiveCfg = Release|TwinCAT RT (x86)
		{664339A7-3BC0-4D6C-8A2D-EE9A807F5036}.Release|TwinCAT RT (x86).Build.0 = Release|TwinCAT RT (x86)
		{84E2C694-C6B7-48C0-A46A-93E9E79E1E4B}.Debug|Any CPU.ActiveCfg = Debug|TwinCAT OS (x64)
		{84E2C694-C6B7-48C0-A46A-93E9E79E1E4B}.Debug|Any CPU.Build.0 = Debug|TwinCAT OS (x64)
		{84E2C694-C6B7-48C0-A46A-93E9E79E1E4B}.Debug|TwinCAT CE7 (ARMV7).ActiveCfg = Debug|TwinCAT CE7 (ARMV7)
		{84E2C694-C6B7-48C0-A46A-93E9E79E1E4B}.Debug|TwinCAT CE7 (ARMV7).Build.0 = Debug|TwinCAT CE7 (ARMV7)
		{84E2C694-C6B7-48C0-A46A-93E9E79E1E4B}.Debug|TwinCAT OS (ARMT2).ActiveCfg = Debug|TwinCAT OS (ARMV8-A)
		{84E2C694-C6B7-48C0-A46A-93E9E79E1E4B}.Debug|TwinCAT OS (ARMV7-A).ActiveCfg = Debug|TwinCAT OS (ARMV7-A)
		{84E2C694-C6B7-48C0-A46A-93E9E79E1E4B}.Debug|TwinCAT OS (ARMV7-A).Build.0 = Debug|TwinCAT OS (ARMV7-A)
		{84E2C694-C6B7-48C0-A46A-93E9E79E1E4B}.Debug|TwinCAT OS (ARMV7-M).ActiveCfg = Debug|TwinCAT OS (ARMV7-M)
		{84E2C694-C6B7-48C0-A46A-93E9E79E1E4B}.Debug|TwinCAT OS (ARMV7-M).Build.0 = Debug|TwinCAT OS (ARMV7-M)
		{84E2C694-C6B7-48C0-A46A-93E9E79E1E4B}.Debug|TwinCAT OS (ARMV8-A).ActiveCfg = Debug|TwinCAT OS (ARMV8-A)
		{84E2C694-C6B7-48C0-A46A-93E9E79E1E4B}.Debug|TwinCAT OS (ARMV8-A).Build.0 = Debug|TwinCAT OS (ARMV8-A)
		{84E2C694-C6B7-48C0-A46A-93E9E79E1E4B}.Debug|TwinCAT OS (x64).ActiveCfg = Debug|TwinCAT OS (x64)
		{84E2C694-C6B7-48C0-A46A-93E9E79E1E4B}.Debug|TwinCAT OS (x64).Build.0 = Debug|TwinCAT OS (x64)
		{84E2C694-C6B7-48C0-A46A-93E9E79E1E4B}.Debug|TwinCAT OS (x64-E).ActiveCfg = Debug|TwinCAT OS (x64-E)
		{84E2C694-C6B7-48C0-A46A-93E9E79E1E4B}.Debug|TwinCAT OS (x64-E).Build.0 = Debug|TwinCAT OS (x64-E)
		{84E2C694-C6B7-48C0-A46A-93E9E79E1E4B}.Debug|TwinCAT RT (x64).ActiveCfg = Debug|TwinCAT RT (x64)
		{84E2C694-C6B7-48C0-A46A-93E9E79E1E4B}.Debug|TwinCAT RT (x64).Build.0 = Debug|TwinCAT RT (x64)
		{84E2C694-C6B7-48C0-A46A-93E9E79E1E4B}.Debug|TwinCAT RT (x86).ActiveCfg = Debug|TwinCAT RT (x86)
		{84E2C694-C6B7-48C0-A46A-93E9E79E1E4B}.Debug|TwinCAT RT (x86).Build.0 = Debug|TwinCAT RT (x86)
		{84E2C694-C6B7-48C0-A46A-93E9E79E1E4B}.Release|Any CPU.ActiveCfg = Release|TwinCAT OS (x64)
		{84E2C694-C6B7-48C0-A46A-93E9E79E1E4B}.Release|Any CPU.Build.0 = Release|TwinCAT OS (x64)
		{84E2C694-C6B7-48C0-A46A-93E9E79E1E4B}.Release|TwinCAT CE7 (ARMV7).ActiveCfg = Release|TwinCAT CE7 (ARMV7)
		{84E2C694-C6B7-48C0-A46A-93E9E79E1E4B}.Release|TwinCAT CE7 (ARMV7).Build.0 = Release|TwinCAT CE7 (ARMV7)
		{84E2C694-C6B7-48C0-A46A-93E9E79E1E4B}.Release|TwinCAT OS (ARMT2).ActiveCfg = Release|TwinCAT OS (ARMV8-A)
		{84E2C694-C6B7-48C0-A46A-93E9E79E1E4B}.Release|TwinCAT OS (ARMV7-A).ActiveCfg = Release|TwinCAT OS (ARMV7-A)
		{84E2C694-C6B7-48C0-A46A-93E9E79E1E4B}.Release|TwinCAT OS (ARMV7-A).Build.0 = Release|TwinCAT OS (ARMV7-A)
		{84E2C694-C6B7-48C0-A46A-93E9E79E1E4B}.Release|TwinCAT OS (ARMV7-M).ActiveCfg = Release|TwinCAT OS (ARMV7-M)
		{84E2C694-C6B7-48C0-A46A-93E9E79E1E4B}.Release|TwinCAT OS (ARMV7-M).Build.0 = Release|TwinCAT OS (ARMV7-M)
		{84E2C694-C6B7-48C0-A46A-93E9E79E1E4B}.Release|TwinCAT OS (ARMV8-A).ActiveCfg = Release|TwinCAT OS (ARMV8-A)
		{84E2C694-C6B7-48C0-A46A-93E9E79E1E4B}.Release|TwinCAT OS (ARMV8-A).Build.0 = Release|TwinCAT OS (ARMV8-A)
		{84E2C694-C6B7-48C0-A46A-93E9E79E1E4B}.Release|TwinCAT OS (x64).ActiveCfg = Release|TwinCAT OS (x64)
		{84E2C694-C6B7-48C0-A46A-93E9E79E1E4B}.Release|TwinCAT OS (x64).Build.0 = Release|TwinCAT OS (x64)
		{84E2C694-C6B7-48C0-A46A-93E9E79E1E4B}.Release|TwinCAT OS (x64-E).ActiveCfg = Release|TwinCAT OS (x64-E)
		{84E2C694-C6B7-48C0-A46A-93E9E79E1E4B}.Release|TwinCAT OS (x64-E).Build.0 = Release|TwinCAT OS (x64-E)
		{84E2C694-C6B7-48C0-A46A-93E9E79E1E4B}.Release|TwinCAT RT (x64).ActiveCfg = Release|TwinCAT RT (x64)
		{84E2C694-C6B7-48C0-A46A-93E9E79E1E4B}.Release|TwinCAT RT (x64).Build.0 = Release|TwinCAT RT (x64)
		{84E2C694-C6B7-48C0-A46A-93E9E79E1E4B}.Release|TwinCAT RT (x86).ActiveCfg = Release|TwinCAT RT (x86)
		{84E2C694-C6B7-48C0-A46A-93E9E79E1E4B}.Release|TwinCAT RT (x86).Build.0 = Release|TwinCAT RT (x86)
		{AD531742-4F4B-41E2-AAD0-F873953D99F7}.Debug|Any CPU.ActiveCfg = Debug|TwinCAT RT (x64)
		{AD531742-4F4B-41E2-AAD0-F873953D99F7}.Debug|Any CPU.Build.0 = Debug|TwinCAT RT (x64)
		{AD531742-4F4B-41E2-AAD0-F873953D99F7}.Debug|TwinCAT CE7 (ARMV7).ActiveCfg = Debug|TwinCAT CE7 (ARMV7)
		{AD531742-4F4B-41E2-AAD0-F873953D99F7}.Debug|TwinCAT CE7 (ARMV7).Build.0 = Debug|TwinCAT CE7 (ARMV7)
		{AD531742-4F4B-41E2-AAD0-F873953D99F7}.Debug|TwinCAT OS (ARMT2).ActiveCfg = Debug|TwinCAT OS (ARMV7-M)
		{AD531742-4F4B-41E2-AAD0-F873953D99F7}.Debug|TwinCAT OS (ARMT2).Build.0 = Debug|TwinCAT OS (ARMV7-M)
		{AD531742-4F4B-41E2-AAD0-F873953D99F7}.Debug|TwinCAT OS (ARMV7-A).ActiveCfg = Debug|TwinCAT OS (ARMV7-A)
		{AD531742-4F4B-41E2-AAD0-F873953D99F7}.Debug|TwinCAT OS (ARMV7-A).Build.0 = Debug|TwinCAT OS (ARMV7-A)
		{AD531742-4F4B-41E2-AAD0-F873953D99F7}.Debug|TwinCAT OS (ARMV7-M).ActiveCfg = Debug|TwinCAT OS (ARMV7-M)
		{AD531742-4F4B-41E2-AAD0-F873953D99F7}.Debug|TwinCAT OS (ARMV7-M).Build.0 = Debug|TwinCAT OS (ARMV7-M)
		{AD531742-4F4B-41E2-AAD0-F873953D99F7}.Debug|TwinCAT OS (ARMV8-A).ActiveCfg = Debug|TwinCAT OS (ARMV8-A)
		{AD531742-4F4B-41E2-AAD0-F873953D99F7}.Debug|TwinCAT OS (ARMV8-A).Build.0 = Debug|TwinCAT OS (ARMV8-A)
		{AD531742-4F4B-41E2-AAD0-F873953D99F7}.Debug|TwinCAT OS (x64).ActiveCfg = Debug|TwinCAT OS (x64)
		{AD531742-4F4B-41E2-AAD0-F873953D99F7}.Debug|TwinCAT OS (x64).Build.0 = Debug|TwinCAT OS (x64)
		{AD531742-4F4B-41E2-AAD0-F873953D99F7}.Debug|TwinCAT OS (x64-E).ActiveCfg = Debug|TwinCAT OS (x64-E)
		{AD531742-4F4B-41E2-AAD0-F873953D99F7}.Debug|TwinCAT OS (x64-E).Build.0 = Debug|TwinCAT OS (x64-E)
		{AD531742-4F4B-41E2-AAD0-F873953D99F7}.Debug|TwinCAT RT (x64).ActiveCfg = Debug|TwinCAT RT (x64)
		{AD531742-4F4B-41E2-AAD0-F873953D99F7}.Debug|TwinCAT RT (x64).Build.0 = Debug|TwinCAT RT (x64)
		{AD531742-4F4B-41E2-AAD0-F873953D99F7}.Debug|TwinCAT RT (x86).ActiveCfg = Debug|TwinCAT RT (x86)
		{AD531742-4F4B-41E2-AAD0-F873953D99F7}.Debug|TwinCAT RT (x86).Build.0 = Debug|TwinCAT RT (x86)
		{AD531742-4F4B-41E2-AAD0-F873953D99F7}.Release|Any CPU.ActiveCfg = Release|TwinCAT RT (x64)
		{AD531742-4F4B-41E2-AAD0-F873953D99F7}.Release|Any CPU.Build.0 = Release|TwinCAT RT (x64)
		{AD531742-4F4B-41E2-AAD0-F873953D99F7}.Release|TwinCAT CE7 (ARMV7).ActiveCfg = Release|TwinCAT CE7 (ARMV7)
		{AD531742-4F4B-41E2-AAD0-F873953D99F7}.Release|TwinCAT CE7 (ARMV7).Build.0 = Release|TwinCAT CE7 (ARMV7)
		{AD531742-4F4B-41E2-AAD0-F873953D99F7}.Release|TwinCAT OS (ARMT2).ActiveCfg = Release|TwinCAT OS (ARMV7-M)
		{AD531742-4F4B-41E2-AAD0-F873953D99F7}.Release|TwinCAT OS (ARMT2).Build.0 = Release|TwinCAT OS (ARMV7-M)
		{AD531742-4F4B-41E2-AAD0-F873953D99F7}.Release|TwinCAT OS (ARMV7-A).ActiveCfg = Release|TwinCAT OS (ARMV7-A)
		{AD531742-4F4B-41E2-AAD0-F873953D99F7}.Release|TwinCAT OS (ARMV7-A).Build.0 = Release|TwinCAT OS (ARMV7-A)
		{AD531742-4F4B-41E2-AAD0-F873953D99F7}.Release|TwinCAT OS (ARMV7-M).ActiveCfg = Release|TwinCAT OS (ARMV7-M)
		{AD531742-4F4B-41E2-AAD0-F873953D99F7}.Release|TwinCAT OS (ARMV7-M).Build.0 = Release|TwinCAT OS (ARMV7-M)
		{AD531742-4F4B-41E2-AAD0-F873953D99F7}.Release|TwinCAT OS (ARMV8-A).ActiveCfg = Release|TwinCAT OS (ARMV8-A)
		{AD531742-4F4B-41E2-AAD0-F873953D99F7}.Release|TwinCAT OS (ARMV8-A).Build.0 = Release|TwinCAT OS (ARMV8-A)
		{AD531742-4F4B-41E2-AAD0-F873953D99F7}.Release|TwinCAT OS (x64).ActiveCfg = Release|TwinCAT OS (x64)
		{AD531742-4F4B-41E2-AAD0-F873953D99F7}.Release|TwinCAT OS (x64).Build.0 = Release|TwinCAT OS (x64)
		{AD531742-4F4B-41E2-AAD0-F873953D99F7}.Release|TwinCAT OS (x64-E).ActiveCfg = Release|TwinCAT OS (x64-E)
		{AD531742-4F4B-41E2-AAD0-F873953D99F7}.Release|TwinCAT OS (x64-E).Build.0 = Release|TwinCAT OS (x64-E)
		{AD531742-4F4B-41E2-AAD0-F873953D99F7}.Release|TwinCAT RT (x64).ActiveCfg = Release|TwinCAT RT (x64)
		{AD531742-4F4B-41E2-AAD0-F873953D99F7}.Release|TwinCAT RT (x64).Build.0 = Release|TwinCAT RT (x64)
		{AD531742-4F4B-41E2-AAD0-F873953D99F7}.Release|TwinCAT RT (x86).ActiveCfg = Release|TwinCAT RT (x86)
		{AD531742-4F4B-41E2-AAD0-F873953D99F7}.Release|TwinCAT RT (x86).Build.0 = Release|TwinCAT RT (x86)
		{39E514BF-8337-4E82-99CA-D7D99BEEE7FE}.Debug|Any CPU.ActiveCfg = Debug|TwinCAT OS (x64)
		{39E514BF-8337-4E82-99CA-D7D99BEEE7FE}.Debug|Any CPU.Build.0 = Debug|TwinCAT OS (x64)
		{39E514BF-8337-4E82-99CA-D7D99BEEE7FE}.Debug|TwinCAT CE7 (ARMV7).ActiveCfg = Debug|TwinCAT CE7 (ARMV7)
		{39E514BF-8337-4E82-99CA-D7D99BEEE7FE}.Debug|TwinCAT CE7 (ARMV7).Build.0 = Debug|TwinCAT CE7 (ARMV7)
		{39E514BF-8337-4E82-99CA-D7D99BEEE7FE}.Debug|TwinCAT OS (ARMT2).ActiveCfg = Debug|TwinCAT OS (ARMV8-A)
		{39E514BF-8337-4E82-99CA-D7D99BEEE7FE}.Debug|TwinCAT OS (ARMV7-A).ActiveCfg = Debug|TwinCAT OS (ARMV7-A)
		{39E514BF-8337-4E82-99CA-D7D99BEEE7FE}.Debug|TwinCAT OS (ARMV7-A).Build.0 = Debug|TwinCAT OS (ARMV7-A)
		{39E514BF-8337-4E82-99CA-D7D99BEEE7FE}.Debug|TwinCAT OS (ARMV7-M).ActiveCfg = Debug|TwinCAT OS (ARMV7-M)
		{39E514BF-8337-4E82-99CA-D7D99BEEE7FE}.Debug|TwinCAT OS (ARMV7-M).Build.0 = Debug|TwinCAT OS (ARMV7-M)
		{39E514BF-8337-4E82-99CA-D7D99BEEE7FE}.Debug|TwinCAT OS (ARMV8-A).ActiveCfg = Debug|TwinCAT OS (ARMV8-A)
		{39E514BF-8337-4E82-99CA-D7D99BEEE7FE}.Debug|TwinCAT OS (ARMV8-A).Build.0 = Debug|TwinCAT OS (ARMV8-A)
		{39E514BF-8337-4E82-99CA-D7D99BEEE7FE}.Debug|TwinCAT OS (x64).ActiveCfg = Debug|TwinCAT OS (x64)
		{39E514BF-8337-4E82-99CA-D7D99BEEE7FE}.Debug|TwinCAT OS (x64).Build.0 = Debug|TwinCAT OS (x64)
		{39E514BF-8337-4E82-99CA-D7D99BEEE7FE}.Debug|TwinCAT OS (x64-E).ActiveCfg = Debug|TwinCAT OS (x64-E)
		{39E514BF-8337-4E82-99CA-D7D99BEEE7FE}.Debug|TwinCAT OS (x64-E).Build.0 = Debug|TwinCAT OS (x64-E)
		{39E514BF-8337-4E82-99CA-D7D99BEEE7FE}.Debug|TwinCAT RT (x64).ActiveCfg = Debug|TwinCAT RT (x64)
		{39E514BF-8337-4E82-99CA-D7D99BEEE7FE}.Debug|TwinCAT RT (x64).Build.0 = Debug|TwinCAT RT (x64)
		{39E514BF-8337-4E82-99CA-D7D99BEEE7FE}.Debug|TwinCAT RT (x86).ActiveCfg = Debug|TwinCAT RT (x86)
		{39E514BF-8337-4E82-99CA-D7D99BEEE7FE}.Debug|TwinCAT RT (x86).Build.0 = Debug|TwinCAT RT (x86)
		{39E514BF-8337-4E82-99CA-D7D99BEEE7FE}.Release|Any CPU.ActiveCfg = Release|TwinCAT OS (x64)
		{39E514BF-8337-4E82-99CA-D7D99BEEE7FE}.Release|Any CPU.Build.0 = Release|TwinCAT OS (x64)
		{39E514BF-8337-4E82-99CA-D7D99BEEE7FE}.Release|TwinCAT CE7 (ARMV7).ActiveCfg = Release|TwinCAT CE7 (ARMV7)
		{39E514BF-8337-4E82-99CA-D7D99BEEE7FE}.Release|TwinCAT CE7 (ARMV7).Build.0 = Release|TwinCAT CE7 (ARMV7)
		{39E514BF-8337-4E82-99CA-D7D99BEEE7FE}.Release|TwinCAT OS (ARMT2).ActiveCfg = Release|TwinCAT OS (ARMV8-A)
		{39E514BF-8337-4E82-99CA-D7D99BEEE7FE}.Release|TwinCAT OS (ARMV7-A).ActiveCfg = Release|TwinCAT OS (ARMV7-A)
		{39E514BF-8337-4E82-99CA-D7D99BEEE7FE}.Release|TwinCAT OS (ARMV7-A).Build.0 = Release|TwinCAT OS (ARMV7-A)
		{39E514BF-8337-4E82-99CA-D7D99BEEE7FE}.Release|TwinCAT OS (ARMV7-M).ActiveCfg = Release|TwinCAT OS (ARMV7-M)
		{39E514BF-8337-4E82-99CA-D7D99BEEE7FE}.Release|TwinCAT OS (ARMV7-M).Build.0 = Release|TwinCAT OS (ARMV7-M)
		{39E514BF-8337-4E82-99CA-D7D99BEEE7FE}.Release|TwinCAT OS (ARMV8-A).ActiveCfg = Release|TwinCAT OS (ARMV8-A)
		{39E514BF-8337-4E82-99CA-D7D99BEEE7FE}.Release|TwinCAT OS (ARMV8-A).Build.0 = Release|TwinCAT OS (ARMV8-A)
		{39E514BF-8337-4E82-99CA-D7D99BEEE7FE}.Release|TwinCAT OS (x64).ActiveCfg = Release|TwinCAT OS (x64)
		{39E514BF-8337-4E82-99CA-D7D99BEEE7FE}.Release|TwinCAT OS (x64).Build.0 = Release|TwinCAT OS (x64)
		{39E514BF-8337-4E82-99CA-D7D99BEEE7FE}.Release|TwinCAT OS (x64-E).ActiveCfg = Release|TwinCAT OS (x64-E)
		{39E514BF-8337-4E82-99CA-D7D99BEEE7FE}.Release|TwinCAT OS (x64-E).Build.0 = Release|TwinCAT OS (x64-E)
		{39E514BF-8337-4E82-99CA-D7D99BEEE7FE}.Release|TwinCAT RT (x64).ActiveCfg = Release|TwinCAT RT (x64)
		{39E514BF-8337-4E82-99CA-D7D99BEEE7FE}.Release|TwinCAT RT (x64).Build.0 = Release|TwinCAT RT (x64)
		{39E514BF-8337-4E82-99CA-D7D99BEEE7FE}.Release|TwinCAT RT (x86).ActiveCfg = Release|TwinCAT RT (x86)
		{39E514BF-8337-4E82-99CA-D7D99BEEE7FE}.Release|TwinCAT RT (x86).Build.0 = Release|TwinCAT RT (x86)
	EndGlobalSection
	GlobalSection(SolutionProperties) = preSolution
		HideSolutionNode = FALSE
	EndGlobalSection
	GlobalSection(ExtensibilityGlobals) = postSolution
		SolutionGuid = {9AC818C4-6839-46EB-8C84-95820330651F}
	EndGlobalSection
EndGlobal
